// !$*UTF8*$!
{
	archiveVersion = 1;
	classes = {
	};
	objectVersion = 55;
	objects = {

/* Begin PBXBuildFile section */
		DD5967A62A169837004BA7CD /* AppDelegate.swift in Sources */ = {isa = PBXBuildFile; fileRef = DD5967A52A169837004BA7CD /* AppDelegate.swift */; };
		DD5967A82A169837004BA7CD /* SceneDelegate.swift in Sources */ = {isa = PBXBuildFile; fileRef = DD5967A72A169837004BA7CD /* SceneDelegate.swift */; };
		DD5967AA2A169837004BA7CD /* ViewController.swift in Sources */ = {isa = PBXBuildFile; fileRef = DD5967A92A169837004BA7CD /* ViewController.swift */; };
		DD5967AD2A169837004BA7CD /* Main.storyboard in Resources */ = {isa = PBXBuildFile; fileRef = DD5967AB2A169837004BA7CD /* Main.storyboard */; };
		DD5967B02A169837004BA7CD /* BMICalculatorApp.xcdatamodeld in Sources */ = {isa = PBXBuildFile; fileRef = DD5967AE2A169837004BA7CD /* BMICalculatorApp.xcdatamodeld */; };
		DD5967B22A169837004BA7CD /* Assets.xcassets in Resources */ = {isa = PBXBuildFile; fileRef = DD5967B12A169837004BA7CD /* Assets.xcassets */; };
		DD5967B52A169837004BA7CD /* LaunchScreen.storyboard in Resources */ = {isa = PBXBuildFile; fileRef = DD5967B32A169837004BA7CD /* LaunchScreen.storyboard */; };
		DD5967C02A16E861004BA7CD /* SecondViewController.swift in Sources */ = {isa = PBXBuildFile; fileRef = DD5967BF2A16E861004BA7CD /* SecondViewController.swift */; };
		DD5967C22A16FC1D004BA7CD /* CalculatorBrain.swift in Sources */ = {isa = PBXBuildFile; fileRef = DD5967C12A16FC1D004BA7CD /* CalculatorBrain.swift */; };
		DDA375CF2A17C18E00D68F0A /* BMI.swift in Sources */ = {isa = PBXBuildFile; fileRef = DDA375CE2A17C18E00D68F0A /* BMI.swift */; };
/* End PBXBuildFile section */

/* Begin PBXFileReference section */
		DD5967A22A169837004BA7CD /* BMICalculatorApp.app */ = {isa = PBXFileReference; explicitFileType = wrapper.application; includeInIndex = 0; path = BMICalculatorApp.app; sourceTree = BUILT_PRODUCTS_DIR; };
		DD5967A52A169837004BA7CD /* AppDelegate.swift */ = {isa = PBXFileReference; lastKnownFileType = sourcecode.swift; path = AppDelegate.swift; sourceTree = "<group>"; };
		DD5967A72A169837004BA7CD /* SceneDelegate.swift */ = {isa = PBXFileReference; lastKnownFileType = sourcecode.swift; path = SceneDelegate.swift; sourceTree = "<group>"; };
		DD5967A92A169837004BA7CD /* ViewController.swift */ = {isa = PBXFileReference; lastKnownFileType = sourcecode.swift; path = ViewController.swift; sourceTree = "<group>"; };
		DD5967AC2A169837004BA7CD /* Base */ = {isa = PBXFileReference; lastKnownFileType = file.storyboard; name = Base; path = Base.lproj/Main.storyboard; sourceTree = "<group>"; };
		DD5967AF2A169837004BA7CD /* BMICalculatorApp.xcdatamodel */ = {isa = PBXFileReference; lastKnownFileType = wrapper.xcdatamodel; path = BMICalculatorApp.xcdatamodel; sourceTree = "<group>"; };
		DD5967B12A169837004BA7CD /* Assets.xcassets */ = {isa = PBXFileReference; lastKnownFileType = folder.assetcatalog; path = Assets.xcassets; sourceTree = "<group>"; };
		DD5967B42A169837004BA7CD /* Base */ = {isa = PBXFileReference; lastKnownFileType = file.storyboard; name = Base; path = Base.lproj/LaunchScreen.storyboard; sourceTree = "<group>"; };
		DD5967B62A169837004BA7CD /* Info.plist */ = {isa = PBXFileReference; lastKnownFileType = text.plist.xml; path = Info.plist; sourceTree = "<group>"; };
		DD5967BF2A16E861004BA7CD /* SecondViewController.swift */ = {isa = PBXFileReference; lastKnownFileType = sourcecode.swift; path = SecondViewController.swift; sourceTree = "<group>"; };
		DD5967C12A16FC1D004BA7CD /* CalculatorBrain.swift */ = {isa = PBXFileReference; lastKnownFileType = sourcecode.swift; path = CalculatorBrain.swift; sourceTree = "<group>"; };
		DDA375CE2A17C18E00D68F0A /* BMI.swift */ = {isa = PBXFileReference; lastKnownFileType = sourcecode.swift; path = BMI.swift; sourceTree = "<group>"; };
/* End PBXFileReference section */

/* Begin PBXFrameworksBuildPhase section */
		DD59679F2A169837004BA7CD /* Frameworks */ = {
			isa = PBXFrameworksBuildPhase;
			buildActionMask = 2147483647;
			files = (
			);
			runOnlyForDeploymentPostprocessing = 0;
		};
/* End PBXFrameworksBuildPhase section */

/* Begin PBXGroup section */
		DD5967992A169837004BA7CD = {
			isa = PBXGroup;
			children = (
				DD5967A42A169837004BA7CD /* BMICalculatorApp */,
				DD5967A32A169837004BA7CD /* Products */,
			);
			sourceTree = "<group>";
		};
		DD5967A32A169837004BA7CD /* Products */ = {
			isa = PBXGroup;
			children = (
				DD5967A22A169837004BA7CD /* BMICalculatorApp.app */,
			);
			name = Products;
			sourceTree = "<group>";
		};
		DD5967A42A169837004BA7CD /* BMICalculatorApp */ = {
			isa = PBXGroup;
			children = (
				DD5967A52A169837004BA7CD /* AppDelegate.swift */,
				DD5967A72A169837004BA7CD /* SceneDelegate.swift */,
				DD5967BE2A169860004BA7CD /* Models */,
				DD5967BC2A169844004BA7CD /* Views */,
				DD5967BD2A16984E004BA7CD /* Controllers */,
				DD5967B12A169837004BA7CD /* Assets.xcassets */,
				DD5967B32A169837004BA7CD /* LaunchScreen.storyboard */,
				DD5967B62A169837004BA7CD /* Info.plist */,
				DD5967AE2A169837004BA7CD /* BMICalculatorApp.xcdatamodeld */,
			);
			path = BMICalculatorApp;
			sourceTree = "<group>";
		};
		DD5967BC2A169844004BA7CD /* Views */ = {
			isa = PBXGroup;
			children = (
				DD5967AB2A169837004BA7CD /* Main.storyboard */,
			);
			path = Views;
			sourceTree = "<group>";
		};
		DD5967BD2A16984E004BA7CD /* Controllers */ = {
			isa = PBXGroup;
			children = (
				DD5967A92A169837004BA7CD /* ViewController.swift */,
				DD5967BF2A16E861004BA7CD /* SecondViewController.swift */,
			);
			path = Controllers;
			sourceTree = "<group>";
		};
		DD5967BE2A169860004BA7CD /* Models */ = {
			isa = PBXGroup;
			children = (
				DD5967C12A16FC1D004BA7CD /* CalculatorBrain.swift */,
				DDA375CE2A17C18E00D68F0A /* BMI.swift */,
			);
			path = Models;
			sourceTree = "<group>";
		};
/* End PBXGroup section */

/* Begin PBXNativeTarget section */
		DD5967A12A169837004BA7CD /* BMICalculatorApp */ = {
			isa = PBXNativeTarget;
			buildConfigurationList = DD5967B92A169838004BA7CD /* Build configuration list for PBXNativeTarget "BMICalculatorApp" */;
			buildPhases = (
				DD59679E2A169837004BA7CD /* Sources */,
				DD59679F2A169837004BA7CD /* Frameworks */,
				DD5967A02A169837004BA7CD /* Resources */,
			);
			buildRules = (
			);
			dependencies = (
			);
			name = BMICalculatorApp;
			productName = BMICalculatorApp;
			productReference = DD5967A22A169837004BA7CD /* BMICalculatorApp.app */;
			productType = "com.apple.product-type.application";
		};
/* End PBXNativeTarget section */

/* Begin PBXProject section */
		DD59679A2A169837004BA7CD /* Project object */ = {
			isa = PBXProject;
			attributes = {
				BuildIndependentTargetsInParallel = 1;
				LastSwiftUpdateCheck = 1340;
				LastUpgradeCheck = 1340;
				TargetAttributes = {
					DD5967A12A169837004BA7CD = {
						CreatedOnToolsVersion = 13.4.1;
					};
				};
			};
			buildConfigurationList = DD59679D2A169837004BA7CD /* Build configuration list for PBXProject "BMICalculatorApp" */;
			compatibilityVersion = "Xcode 13.0";
			developmentRegion = en;
			hasScannedForEncodings = 0;
			knownRegions = (
				en,
				Base,
			);
			mainGroup = DD5967992A169837004BA7CD;
			productRefGroup = DD5967A32A169837004BA7CD /* Products */;
			projectDirPath = "";
			projectRoot = "";
			targets = (
				DD5967A12A169837004BA7CD /* BMICalculatorApp */,
			);
		};
/* End PBXProject section */

/* Begin PBXResourcesBuildPhase section */
		DD5967A02A169837004BA7CD /* Resources */ = {
			isa = PBXResourcesBuildPhase;
			buildActionMask = 2147483647;
			files = (
				DD5967B52A169837004BA7CD /* LaunchScreen.storyboard in Resources */,
				DD5967B22A169837004BA7CD /* Assets.xcassets in Resources */,
				DD5967AD2A169837004BA7CD /* Main.storyboard in Resources */,
			);
			runOnlyForDeploymentPostprocessing = 0;
		};
/* End PBXResourcesBuildPhase section */

/* Begin PBXSourcesBuildPhase section */
		DD59679E2A169837004BA7CD /* Sources */ = {
			isa = PBXSourcesBuildPhase;
			buildActionMask = 2147483647;
			files = (
				DD5967C22A16FC1D004BA7CD /* CalculatorBrain.swift in Sources */,
				DD5967B02A169837004BA7CD /* BMICalculatorApp.xcdatamodeld in Sources */,
				DD5967AA2A169837004BA7CD /* ViewController.swift in Sources */,
				DDA375CF2A17C18E00D68F0A /* BMI.swift in Sources */,
				DD5967A62A169837004BA7CD /* AppDelegate.swift in Sources */,
				DD5967C02A16E861004BA7CD /* SecondViewController.swift in Sources */,
				DD5967A82A169837004BA7CD /* SceneDelegate.swift in Sources */,
			);
			runOnlyForDeploymentPostprocessing = 0;
		};
/* End PBXSourcesBuildPhase section */

/* Begin PBXVariantGroup section */
		DD5967AB2A169837004BA7CD /* Main.storyboard */ = {
			isa = PBXVariantGroup;
			children = (
				DD5967AC2A169837004BA7CD /* Base */,
			);
			name = Main.storyboard;
			sourceTree = "<group>";
		};
		DD5967B32A169837004BA7CD /* LaunchScreen.storyboard */ = {
			isa = PBXVariantGroup;
			children = (
				DD5967B42A169837004BA7CD /* Base */,
			);
			name = LaunchScreen.storyboard;
			sourceTree = "<group>";
		};
/* End PBXVariantGroup section */

/* Begin XCBuildConfiguration section */
		DD5967B72A169837004BA7CD /* Debug */ = {
			isa = XCBuildConfiguration;
			buildSettings = {
				ALWAYS_SEARCH_USER_PATHS = NO;
				CLANG_ANALYZER_NONNULL = YES;
				CLANG_ANALYZER_NUMBER_OBJECT_CONVERSION = YES_AGGRESSIVE;
				CLANG_CXX_LANGUAGE_STANDARD = "gnu++17";
				CLANG_ENABLE_MODULES = YES;
				CLANG_ENABLE_OBJC_ARC = YES;
				CLANG_ENABLE_OBJC_WEAK = YES;
				CLANG_WARN_BLOCK_CAPTURE_AUTORELEASING = YES;
				CLANG_WARN_BOOL_CONVERSION = YES;
				CLANG_WARN_COMMA = YES;
				CLANG_WARN_CONSTANT_CONVERSION = YES;
				CLANG_WARN_DEPRECATED_OBJC_IMPLEMENTATIONS = YES;
				CLANG_WARN_DIRECT_OBJC_ISA_USAGE = YES_ERROR;
				CLANG_WARN_DOCUMENTATION_COMMENTS = YES;
				CLANG_WARN_EMPTY_BODY = YES;
				CLANG_WARN_ENUM_CONVERSION = YES;
				CLANG_WARN_INFINITE_RECURSION = YES;
				CLANG_WARN_INT_CONVERSION = YES;
				CLANG_WARN_NON_LITERAL_NULL_CONVERSION = YES;
				CLANG_WARN_OBJC_IMPLICIT_RETAIN_SELF = YES;
				CLANG_WARN_OBJC_LITERAL_CONVERSION = YES;
				CLANG_WARN_OBJC_ROOT_CLASS = YES_ERROR;
				CLANG_WARN_QUOTED_INCLUDE_IN_FRAMEWORK_HEADER = YES;
				CLANG_WARN_RANGE_LOOP_ANALYSIS = YES;
				CLANG_WARN_STRICT_PROTOTYPES = YES;
				CLANG_WARN_SUSPICIOUS_MOVE = YES;
				CLANG_WARN_UNGUARDED_AVAILABILITY = YES_AGGRESSIVE;
				CLANG_WARN_UNREACHABLE_CODE = YES;
				CLANG_WARN__DUPLICATE_METHOD_MATCH = YES;
				COPY_PHASE_STRIP = NO;
				DEBUG_INFORMATION_FORMAT = dwarf;
				ENABLE_STRICT_OBJC_MSGSEND = YES;
				ENABLE_TESTABILITY = YES;
				GCC_C_LANGUAGE_STANDARD = gnu11;
				GCC_DYNAMIC_NO_PIC = NO;
				GCC_NO_COMMON_BLOCKS = YES;
				GCC_OPTIMIZATION_LEVEL = 0;
				GCC_PREPROCESSOR_DEFINITIONS = (
					"DEBUG=1",
					"$(inherited)",
				);
				GCC_WARN_64_TO_32_BIT_CONVERSION = YES;
				GCC_WARN_ABOUT_RETURN_TYPE = YES_ERROR;
				GCC_WARN_UNDECLARED_SELECTOR = YES;
				GCC_WARN_UNINITIALIZED_AUTOS = YES_AGGRESSIVE;
				GCC_WARN_UNUSED_FUNCTION = YES;
				GCC_WARN_UNUSED_VARIABLE = YES;
				IPHONEOS_DEPLOYMENT_TARGET = 15.5;
				MTL_ENABLE_DEBUG_INFO = INCLUDE_SOURCE;
				MTL_FAST_MATH = YES;
				ONLY_ACTIVE_ARCH = YES;
				SDKROOT = iphoneos;
				SWIFT_ACTIVE_COMPILATION_CONDITIONS = DEBUG;
				SWIFT_OPTIMIZATION_LEVEL = "-Onone";
			};
			name = Debug;
		};
		DD5967B82A169837004BA7CD /* Release */ = {
			isa = XCBuildConfiguration;
			buildSettings = {
				ALWAYS_SEARCH_USER_PATHS = NO;
				CLANG_ANALYZER_NONNULL = YES;
				CLANG_ANALYZER_NUMBER_OBJECT_CONVERSION = YES_AGGRESSIVE;
				CLANG_CXX_LANGUAGE_STANDARD = "gnu++17";
				CLANG_ENABLE_MODULES = YES;
				CLANG_ENABLE_OBJC_ARC = YES;
				CLANG_ENABLE_OBJC_WEAK = YES;
				CLANG_WARN_BLOCK_CAPTURE_AUTORELEASING = YES;
				CLANG_WARN_BOOL_CONVERSION = YES;
				CLANG_WARN_COMMA = YES;
				CLANG_WARN_CONSTANT_CONVERSION = YES;
				CLANG_WARN_DEPRECATED_OBJC_IMPLEMENTATIONS = YES;
				CLANG_WARN_DIRECT_OBJC_ISA_USAGE = YES_ERROR;
				CLANG_WARN_DOCUMENTATION_COMMENTS = YES;
				CLANG_WARN_EMPTY_BODY = YES;
				CLANG_WARN_ENUM_CONVERSION = YES;
				CLANG_WARN_INFINITE_RECURSION = YES;
				CLANG_WARN_INT_CONVERSION = YES;
				CLANG_WARN_NON_LITERAL_NULL_CONVERSION = YES;
				CLANG_WARN_OBJC_IMPLICIT_RETAIN_SELF = YES;
				CLANG_WARN_OBJC_LITERAL_CONVERSION = YES;
				CLANG_WARN_OBJC_ROOT_CLASS = YES_ERROR;
				CLANG_WARN_QUOTED_INCLUDE_IN_FRAMEWORK_HEADER = YES;
				CLANG_WARN_RANGE_LOOP_ANALYSIS = YES;
				CLANG_WARN_STRICT_PROTOTYPES = YES;
				CLANG_WARN_SUSPICIOUS_MOVE = YES;
				CLANG_WARN_UNGUARDED_AVAILABILITY = YES_AGGRESSIVE;
				CLANG_WARN_UNREACHABLE_CODE = YES;
				CLANG_WARN__DUPLICATE_METHOD_MATCH = YES;
				COPY_PHASE_STRIP = NO;
				DEBUG_INFORMATION_FORMAT = "dwarf-with-dsym";
				ENABLE_NS_ASSERTIONS = NO;
				ENABLE_STRICT_OBJC_MSGSEND = YES;
				GCC_C_LANGUAGE_STANDARD = gnu11;
				GCC_NO_COMMON_BLOCKS = YES;
				GCC_WARN_64_TO_32_BIT_CONVERSION = YES;
				GCC_WARN_ABOUT_RETURN_TYPE = YES_ERROR;
				GCC_WARN_UNDECLARED_SELECTOR = YES;
				GCC_WARN_UNINITIALIZED_AUTOS = YES_AGGRESSIVE;
				GCC_WARN_UNUSED_FUNCTION = YES;
				GCC_WARN_UNUSED_VARIABLE = YES;
				IPHONEOS_DEPLOYMENT_TARGET = 15.5;
				MTL_ENABLE_DEBUG_INFO = NO;
				MTL_FAST_MATH = YES;
				SDKROOT = iphoneos;
				SWIFT_COMPILATION_MODE = wholemodule;
				SWIFT_OPTIMIZATION_LEVEL = "-O";
				VALIDATE_PRODUCT = YES;
			};
			name = Release;
		};
		DD5967BA2A169838004BA7CD /* Debug */ = {
			isa = XCBuildConfiguration;
			buildSettings = {
				ASSETCATALOG_COMPILER_APPICON_NAME = AppIcon;
				ASSETCATALOG_COMPILER_GLOBAL_ACCENT_COLOR_NAME = AccentColor;
				CODE_SIGN_STYLE = Automatic;
				CURRENT_PROJECT_VERSION = 1;
				DEVELOPMENT_TEAM = 56GMZRX38N;
				GENERATE_INFOPLIST_FILE = YES;
				INFOPLIST_FILE = BMICalculatorApp/Info.plist;
				INFOPLIST_KEY_UIApplicationSupportsIndirectInputEvents = YES;
				INFOPLIST_KEY_UILaunchStoryboardName = LaunchScreen;
				INFOPLIST_KEY_UIMainStoryboardFile = Main;
				INFOPLIST_KEY_UISupportedInterfaceOrientations_iPad = "UIInterfaceOrientationPortrait UIInterfaceOrientationPortraitUpsideDown UIInterfaceOrientationLandscapeLeft UIInterfaceOrientationLandscapeRight";
				INFOPLIST_KEY_UISupportedInterfaceOrientations_iPhone = "UIInterfaceOrientationPortrait UIInterfaceOrientationLandscapeLeft UIInterfaceOrientationLandscapeRight";
				LD_RUNPATH_SEARCH_PATHS = (
					"$(inherited)",
					"@executable_path/Frameworks",
				);
				MARKETING_VERSION = 1.0;
				PRODUCT_BUNDLE_IDENTIFIER = com.TBCLectures.BMICalculatorApp;
				PRODUCT_NAME = "$(TARGET_NAME)";
				SWIFT_EMIT_LOC_STRINGS = YES;
				SWIFT_VERSION = 5.0;
				TARGETED_DEVICE_FAMILY = "1,2";
			};
			name = Debug;
		};
		DD5967BB2A169838004BA7CD /* Release */ = {
			isa = XCBuildConfiguration;
			buildSettings = {
				ASSETCATALOG_COMPILER_APPICON_NAME = AppIcon;
				ASSETCATALOG_COMPILER_GLOBAL_ACCENT_COLOR_NAME = AccentColor;
				CODE_SIGN_STYLE = Automatic;
				CURRENT_PROJECT_VERSION = 1;
				DEVELOPMENT_TEAM = 56GMZRX38N;
				GENERATE_INFOPLIST_FILE = YES;
				INFOPLIST_FILE = BMICalculatorApp/Info.plist;
				INFOPLIST_KEY_UIApplicationSupportsIndirectInputEvents = YES;
				INFOPLIST_KEY_UILaunchStoryboardName = LaunchScreen;
				INFOPLIST_KEY_UIMainStoryboardFile = Main;
				INFOPLIST_KEY_UISupportedInterfaceOrientations_iPad = "UIInterfaceOrientationPortrait UIInterfaceOrientationPortraitUpsideDown UIInterfaceOrientationLandscapeLeft UIInterfaceOrientationLandscapeRight";
				INFOPLIST_KEY_UISupportedInterfaceOrientations_iPhone = "UIInterfaceOrientationPortrait UIInterfaceOrientationLandscapeLeft UIInterfaceOrientationLandscapeRight";
				LD_RUNPATH_SEARCH_PATHS = (
					"$(inherited)",
					"@executable_path/Frameworks",
				);
				MARKETING_VERSION = 1.0;
				PRODUCT_BUNDLE_IDENTIFIER = com.TBCLectures.BMICalculatorApp;
				PRODUCT_NAME = "$(TARGET_NAME)";
				SWIFT_EMIT_LOC_STRINGS = YES;
				SWIFT_VERSION = 5.0;
				TARGETED_DEVICE_FAMILY = "1,2";
			};
			name = Release;
		};
/* End XCBuildConfiguration section */

/* Begin XCConfigurationList section */
		DD59679D2A169837004BA7CD /* Build configuration list for PBXProject "BMICalculatorApp" */ = {
			isa = XCConfigurationList;
			buildConfigurations = (
				DD5967B72A169837004BA7CD /* Debug */,
				DD5967B82A169837004BA7CD /* Release */,
			);
			defaultConfigurationIsVisible = 0;
			defaultConfigurationName = Release;
		};
		DD5967B92A169838004BA7CD /* Build configuration list for PBXNativeTarget "BMICalculatorApp" */ = {
			isa = XCConfigurationList;
			buildConfigurations = (
				DD5967BA2A169838004BA7CD /* Debug */,
				DD5967BB2A169838004BA7CD /* Release */,
			);
			defaultConfigurationIsVisible = 0;
			defaultConfigurationName = Release;
		};
/* End XCConfigurationList section */

/* Begin XCVersionGroup section */
		DD5967AE2A169837004BA7CD /* BMICalculatorApp.xcdatamodeld */ = {
			isa = XCVersionGroup;
			children = (
				DD5967AF2A169837004BA7CD /* BMICalculatorApp.xcdatamodel */,
			);
			currentVersion = DD5967AF2A169837004BA7CD /* BMICalculatorApp.xcdatamodel */;
			path = BMICalculatorApp.xcdatamodeld;
			sourceTree = "<group>";
			versionGroupType = wrapper.xcdatamodel;
		};
/* End XCVersionGroup section */
	};
	rootObject = DD59679A2A169837004BA7CD /* Project object */;
}
